// !$*UTF8*$!
{
	archiveVersion = 1;
	classes = {
	};
	objectVersion = 50;
	objects = {

/* Begin PBXBuildFile section */
		6D429FFD01A3DE9AD023A8AA /* Pods_geekShopTests.framework in Frameworks */ = {isa = PBXBuildFile; fileRef = F25E242203A2A0FF13DBBEB9 /* Pods_geekShopTests.framework */; };
		9C04368F21E9D4EC00EF8C71 /* AppDelegate.swift in Sources */ = {isa = PBXBuildFile; fileRef = 9C04368E21E9D4EC00EF8C71 /* AppDelegate.swift */; };
		9C04369621E9D4EE00EF8C71 /* Assets.xcassets in Resources */ = {isa = PBXBuildFile; fileRef = 9C04369521E9D4EE00EF8C71 /* Assets.xcassets */; };
		9C04369921E9D4EE00EF8C71 /* LaunchScreen.storyboard in Resources */ = {isa = PBXBuildFile; fileRef = 9C04369721E9D4EE00EF8C71 /* LaunchScreen.storyboard */; };
		9C17BCB221F0E02400F5760B /* AuthService.swift in Sources */ = {isa = PBXBuildFile; fileRef = 9C17BCB121F0E02400F5760B /* AuthService.swift */; };
		9C17BCB621F0E32900F5760B /* NetworkServiceFactory.swift in Sources */ = {isa = PBXBuildFile; fileRef = 9C17BCB521F0E32900F5760B /* NetworkServiceFactory.swift */; };
		9C17BCB821F0E51500F5760B /* LoginRequest.swift in Sources */ = {isa = PBXBuildFile; fileRef = 9C17BCB721F0E51500F5760B /* LoginRequest.swift */; };
		9C17BCBA21F0E59100F5760B /* LoginResponse.swift in Sources */ = {isa = PBXBuildFile; fileRef = 9C17BCB921F0E59100F5760B /* LoginResponse.swift */; };
		9C17BCBC21F0E5A300F5760B /* User.swift in Sources */ = {isa = PBXBuildFile; fileRef = 9C17BCBB21F0E5A300F5760B /* User.swift */; };
		9C17BCBE21F0E68400F5760B /* NetworkService.swift in Sources */ = {isa = PBXBuildFile; fileRef = 9C17BCBD21F0E68400F5760B /* NetworkService.swift */; };
		9C17BCC221F0E83400F5760B /* ErrorParser.swift in Sources */ = {isa = PBXBuildFile; fileRef = 9C17BCC121F0E83400F5760B /* ErrorParser.swift */; };
		9C17BCC621F0E89E00F5760B /* RequestRouter.swift in Sources */ = {isa = PBXBuildFile; fileRef = 9C17BCC521F0E89E00F5760B /* RequestRouter.swift */; };
		9C17BCC821F0F85A00F5760B /* RegisterService.swift in Sources */ = {isa = PBXBuildFile; fileRef = 9C17BCC721F0F85A00F5760B /* RegisterService.swift */; };
		9C17BCCC21F0F9FE00F5760B /* RegisterRequest.swift in Sources */ = {isa = PBXBuildFile; fileRef = 9C17BCCB21F0F9FE00F5760B /* RegisterRequest.swift */; };
		9C17BCD021F0FAAD00F5760B /* RegisterResponse.swift in Sources */ = {isa = PBXBuildFile; fileRef = 9C17BCCF21F0FAAD00F5760B /* RegisterResponse.swift */; };
		9C17BCD321F0FDBB00F5760B /* LogoutService.swift in Sources */ = {isa = PBXBuildFile; fileRef = 9C17BCD221F0FDBB00F5760B /* LogoutService.swift */; };
		9C17BCD721F0FE4800F5760B /* LogoutRequest.swift in Sources */ = {isa = PBXBuildFile; fileRef = 9C17BCD621F0FE4800F5760B /* LogoutRequest.swift */; };
		9C17BCD921F0FE7F00F5760B /* LogoutResponse.swift in Sources */ = {isa = PBXBuildFile; fileRef = 9C17BCD821F0FE7F00F5760B /* LogoutResponse.swift */; };
		9C17BCDC21F1012F00F5760B /* ChangeUserProfileService.swift in Sources */ = {isa = PBXBuildFile; fileRef = 9C17BCDB21F1012F00F5760B /* ChangeUserProfileService.swift */; };
		9C17BCE021F1068100F5760B /* ChangeUserProfileRequest.swift in Sources */ = {isa = PBXBuildFile; fileRef = 9C17BCDF21F1068100F5760B /* ChangeUserProfileRequest.swift */; };
		9C17BCE221F1075900F5760B /* ChangeUserProfileResponse.swift in Sources */ = {isa = PBXBuildFile; fileRef = 9C17BCE121F1075900F5760B /* ChangeUserProfileResponse.swift */; };
		9C17BCE521F44F7100F5760B /* Configuration.swift in Sources */ = {isa = PBXBuildFile; fileRef = 9C17BCE421F44F7100F5760B /* Configuration.swift */; };
		9C17BCE721F5CA6500F5760B /* UserProfileData.swift in Sources */ = {isa = PBXBuildFile; fileRef = 9C17BCE621F5CA6500F5760B /* UserProfileData.swift */; };
		9C17BCEE21F5DBF100F5760B /* AddReviewRequest.swift in Sources */ = {isa = PBXBuildFile; fileRef = 9C17BCED21F5DBF100F5760B /* AddReviewRequest.swift */; };
		9C17BCF021F5DC4C00F5760B /* ApproveReviewRequest.swift in Sources */ = {isa = PBXBuildFile; fileRef = 9C17BCEF21F5DC4C00F5760B /* ApproveReviewRequest.swift */; };
		9C17BCF221F5DC5A00F5760B /* RemoveReviewRequest.swift in Sources */ = {isa = PBXBuildFile; fileRef = 9C17BCF121F5DC5A00F5760B /* RemoveReviewRequest.swift */; };
		9C17BCF421F5DC6700F5760B /* AddReviewService.swift in Sources */ = {isa = PBXBuildFile; fileRef = 9C17BCF321F5DC6700F5760B /* AddReviewService.swift */; };
		9C17BCF621F5DC7200F5760B /* ApproveReviewService.swift in Sources */ = {isa = PBXBuildFile; fileRef = 9C17BCF521F5DC7200F5760B /* ApproveReviewService.swift */; };
		9C17BCF821F5DC8300F5760B /* RemoveReviewService.swift in Sources */ = {isa = PBXBuildFile; fileRef = 9C17BCF721F5DC8300F5760B /* RemoveReviewService.swift */; };
		9C17BCFC21F5DE8A00F5760B /* AddReviewResponse.swift in Sources */ = {isa = PBXBuildFile; fileRef = 9C17BCFB21F5DE8A00F5760B /* AddReviewResponse.swift */; };
		9C17BCFE21F5DFAF00F5760B /* ApproveReviewResponse.swift in Sources */ = {isa = PBXBuildFile; fileRef = 9C17BCFD21F5DFAF00F5760B /* ApproveReviewResponse.swift */; };
		9C17BD0021F5E03300F5760B /* RemoveReviewResponse.swift in Sources */ = {isa = PBXBuildFile; fileRef = 9C17BCFF21F5E03300F5760B /* RemoveReviewResponse.swift */; };
		9C17BD0821FA31B700F5760B /* ErrorParserTests.swift in Sources */ = {isa = PBXBuildFile; fileRef = 9C17BD0721FA31B700F5760B /* ErrorParserTests.swift */; };
		9C17BD0A21FA417300F5760B /* JSONResponsesTests.swift in Sources */ = {isa = PBXBuildFile; fileRef = 9C17BD0921FA417300F5760B /* JSONResponsesTests.swift */; };
		9C17BD0D21FA418500F5760B /* addReview.json in Resources */ = {isa = PBXBuildFile; fileRef = 9C17BD0C21FA418500F5760B /* addReview.json */; };
		9C17BD0F21FA470C00F5760B /* approveReview.json in Resources */ = {isa = PBXBuildFile; fileRef = 9C17BD0E21FA470C00F5760B /* approveReview.json */; };
		9C17BD1121FA48DE00F5760B /* removeReview.json in Resources */ = {isa = PBXBuildFile; fileRef = 9C17BD1021FA48DD00F5760B /* removeReview.json */; };
		9C17BD1321FA490E00F5760B /* changeUserData.json in Resources */ = {isa = PBXBuildFile; fileRef = 9C17BD1221FA490E00F5760B /* changeUserData.json */; };
		9C17BD1521FA49CC00F5760B /* login.json in Resources */ = {isa = PBXBuildFile; fileRef = 9C17BD1421FA49CC00F5760B /* login.json */; };
		9C17BD1721FA49D000F5760B /* logout.json in Resources */ = {isa = PBXBuildFile; fileRef = 9C17BD1621FA49D000F5760B /* logout.json */; };
		9C17BD1921FA49FF00F5760B /* stub.json in Resources */ = {isa = PBXBuildFile; fileRef = 9C17BD1821FA49FF00F5760B /* stub.json */; };
		9C72D6472216C4A300FFA814 /* ShopViewController.swift in Sources */ = {isa = PBXBuildFile; fileRef = 9C72D6462216C4A300FFA814 /* ShopViewController.swift */; };
		9C72D6492216C4C700FFA814 /* ItemCell.swift in Sources */ = {isa = PBXBuildFile; fileRef = 9C72D6482216C4C700FFA814 /* ItemCell.swift */; };
		9C84CC542219BBE90046AAD7 /* ItemDetailsViewController.swift in Sources */ = {isa = PBXBuildFile; fileRef = 9C84CC532219BBE90046AAD7 /* ItemDetailsViewController.swift */; };
		9C84CC5B221A9CBC0046AAD7 /* WriteReviewViewController.swift in Sources */ = {isa = PBXBuildFile; fileRef = 9C84CC5A221A9CBC0046AAD7 /* WriteReviewViewController.swift */; };
		9C84CC5E221F09F50046AAD7 /* GreenRoundedButton.swift in Sources */ = {isa = PBXBuildFile; fileRef = 9C84CC5D221F09F50046AAD7 /* GreenRoundedButton.swift */; };
		9C84CC61221FB5840046AAD7 /* CartViewController.swift in Sources */ = {isa = PBXBuildFile; fileRef = 9C84CC60221FB5840046AAD7 /* CartViewController.swift */; };
		9C84CC63221FB59E0046AAD7 /* CartItemCell.swift in Sources */ = {isa = PBXBuildFile; fileRef = 9C84CC62221FB59E0046AAD7 /* CartItemCell.swift */; };
		9C84CC6B221FC6930046AAD7 /* AuthenticationFlowUITests.swift in Sources */ = {isa = PBXBuildFile; fileRef = 9C84CC6A221FC6930046AAD7 /* AuthenticationFlowUITests.swift */; };
		9CC5480D220C7A38008DA2B6 /* Authentication.storyboard in Resources */ = {isa = PBXBuildFile; fileRef = 9CC5480C220C7A38008DA2B6 /* Authentication.storyboard */; };
		9CC54820220DA8CA008DA2B6 /* GreenPlaceholderTextField.swift in Sources */ = {isa = PBXBuildFile; fileRef = 9CC5481F220DA8CA008DA2B6 /* GreenPlaceholderTextField.swift */; };
		9CC54823220DAFFE008DA2B6 /* Main.storyboard in Resources */ = {isa = PBXBuildFile; fileRef = 9CC54822220DAFFE008DA2B6 /* Main.storyboard */; };
		9CC54825220DB692008DA2B6 /* SignInViewController.swift in Sources */ = {isa = PBXBuildFile; fileRef = 9CC54824220DB692008DA2B6 /* SignInViewController.swift */; };
		9CC54828220DB7FD008DA2B6 /* SignUpViewController.swift in Sources */ = {isa = PBXBuildFile; fileRef = 9CC54827220DB7FD008DA2B6 /* SignUpViewController.swift */; };
		9CC5482B220FF315008DA2B6 /* UserProfileViewController.swift in Sources */ = {isa = PBXBuildFile; fileRef = 9CC5482A220FF315008DA2B6 /* UserProfileViewController.swift */; };
		9CD71DEA220742040032023F /* AddItemToBasketRequest.swift in Sources */ = {isa = PBXBuildFile; fileRef = 9CD71DE9220742040032023F /* AddItemToBasketRequest.swift */; };
		9CD71DED220742E30032023F /* AddItemToBasketService.swift in Sources */ = {isa = PBXBuildFile; fileRef = 9CD71DEC220742E30032023F /* AddItemToBasketService.swift */; };
		9CD71DF022074C1B0032023F /* AddItemToBasketResponse.swift in Sources */ = {isa = PBXBuildFile; fileRef = 9CD71DEF22074C1B0032023F /* AddItemToBasketResponse.swift */; };
		9CD71DF622074F4E0032023F /* RemoveItemFromBasketRequest.swift in Sources */ = {isa = PBXBuildFile; fileRef = 9CD71DF522074F4E0032023F /* RemoveItemFromBasketRequest.swift */; };
		9CD71DF822074F850032023F /* RemoveItemFromBasketService.swift in Sources */ = {isa = PBXBuildFile; fileRef = 9CD71DF722074F850032023F /* RemoveItemFromBasketService.swift */; };
		9CD71DFA220750230032023F /* RemoveItemFromBasketResponse.swift in Sources */ = {isa = PBXBuildFile; fileRef = 9CD71DF9220750230032023F /* RemoveItemFromBasketResponse.swift */; };
		9CD71DFF220752680032023F /* GetItemsListRequest.swift in Sources */ = {isa = PBXBuildFile; fileRef = 9CD71DFE220752680032023F /* GetItemsListRequest.swift */; };
		9CD71E012207538A0032023F /* GetItemsListService.swift in Sources */ = {isa = PBXBuildFile; fileRef = 9CD71E002207538A0032023F /* GetItemsListService.swift */; };
		9CD71E03220754CC0032023F /* GetItemsListResponse.swift in Sources */ = {isa = PBXBuildFile; fileRef = 9CD71E02220754CC0032023F /* GetItemsListResponse.swift */; };
		9CD71E08220758190032023F /* Item.swift in Sources */ = {isa = PBXBuildFile; fileRef = 9CD71E07220758190032023F /* Item.swift */; };
		9CD71E0A22075C000032023F /* GetUsersBasketRequest.swift in Sources */ = {isa = PBXBuildFile; fileRef = 9CD71E0922075C000032023F /* GetUsersBasketRequest.swift */; };
		9CD71E0C22075C460032023F /* GetUsersBasketService.swift in Sources */ = {isa = PBXBuildFile; fileRef = 9CD71E0B22075C460032023F /* GetUsersBasketService.swift */; };
		9CD71E0E22075D200032023F /* GetUsersBasketResponse.swift in Sources */ = {isa = PBXBuildFile; fileRef = 9CD71E0D22075D200032023F /* GetUsersBasketResponse.swift */; };
		9CD71E1522075F2C0032023F /* ItemInBasket.swift in Sources */ = {isa = PBXBuildFile; fileRef = 9CD71E1422075F2C0032023F /* ItemInBasket.swift */; };
		9CD71E172207610A0032023F /* addItemToBasket.json in Resources */ = {isa = PBXBuildFile; fileRef = 9CD71E162207610A0032023F /* addItemToBasket.json */; };
		9CD71E1D2207620B0032023F /* removeItemFromBasket.json in Resources */ = {isa = PBXBuildFile; fileRef = 9CD71E1C2207620B0032023F /* removeItemFromBasket.json */; };
		9CD71E1F2207624A0032023F /* successfullyGotItemsList.json in Resources */ = {isa = PBXBuildFile; fileRef = 9CD71E1E2207624A0032023F /* successfullyGotItemsList.json */; };
		9CD71E212207631B0032023F /* failedToGetItemsList.json in Resources */ = {isa = PBXBuildFile; fileRef = 9CD71E202207631B0032023F /* failedToGetItemsList.json */; };
		9CD71E23220763D00032023F /* item.json in Resources */ = {isa = PBXBuildFile; fileRef = 9CD71E22220763D00032023F /* item.json */; };
		9CD71E25220764350032023F /* successfullyGotUsersBasket.json in Resources */ = {isa = PBXBuildFile; fileRef = 9CD71E24220764350032023F /* successfullyGotUsersBasket.json */; };
		9CD71E27220764910032023F /* failedToGetUsersBasket.json in Resources */ = {isa = PBXBuildFile; fileRef = 9CD71E26220764910032023F /* failedToGetUsersBasket.json */; };
		9CD71E29220764B20032023F /* itemInBasket.json in Resources */ = {isa = PBXBuildFile; fileRef = 9CD71E28220764B20032023F /* itemInBasket.json */; };
		9CF459DD21FD9C5600DCB6D0 /* registerUser.json in Resources */ = {isa = PBXBuildFile; fileRef = 9CF459DC21FD9C5600DCB6D0 /* registerUser.json */; };
		9CF459DF21FD9CC400DCB6D0 /* user.json in Resources */ = {isa = PBXBuildFile; fileRef = 9CF459DE21FD9CC400DCB6D0 /* user.json */; };
		F06E92415FDA6CC939DD1AE2 /* Pods_geekShop.framework in Frameworks */ = {isa = PBXBuildFile; fileRef = D553FD623A74914BB23EC442 /* Pods_geekShop.framework */; };
/* End PBXBuildFile section */

/* Begin PBXContainerItemProxy section */
		9C0436A021E9D4EE00EF8C71 /* PBXContainerItemProxy */ = {
			isa = PBXContainerItemProxy;
			containerPortal = 9C04368321E9D4EC00EF8C71 /* Project object */;
			proxyType = 1;
			remoteGlobalIDString = 9C04368A21E9D4EC00EF8C71;
			remoteInfo = geekShop;
		};
		9C84CC6D221FC6930046AAD7 /* PBXContainerItemProxy */ = {
			isa = PBXContainerItemProxy;
			containerPortal = 9C04368321E9D4EC00EF8C71 /* Project object */;
			proxyType = 1;
			remoteGlobalIDString = 9C04368A21E9D4EC00EF8C71;
			remoteInfo = geekShop;
		};
/* End PBXContainerItemProxy section */

/* Begin PBXFileReference section */
		4588D928AD1D21E0345502BD /* Pods-geekShopTests.debug.xcconfig */ = {isa = PBXFileReference; includeInIndex = 1; lastKnownFileType = text.xcconfig; name = "Pods-geekShopTests.debug.xcconfig"; path = "Pods/Target Support Files/Pods-geekShopTests/Pods-geekShopTests.debug.xcconfig"; sourceTree = "<group>"; };
		6F79BEE68F54F5E98C471A11 /* Pods-geekShopTests.release.xcconfig */ = {isa = PBXFileReference; includeInIndex = 1; lastKnownFileType = text.xcconfig; name = "Pods-geekShopTests.release.xcconfig"; path = "Pods/Target Support Files/Pods-geekShopTests/Pods-geekShopTests.release.xcconfig"; sourceTree = "<group>"; };
		9C04368B21E9D4EC00EF8C71 /* geekShop.app */ = {isa = PBXFileReference; explicitFileType = wrapper.application; includeInIndex = 0; path = geekShop.app; sourceTree = BUILT_PRODUCTS_DIR; };
		9C04368E21E9D4EC00EF8C71 /* AppDelegate.swift */ = {isa = PBXFileReference; lastKnownFileType = sourcecode.swift; path = AppDelegate.swift; sourceTree = "<group>"; };
		9C04369521E9D4EE00EF8C71 /* Assets.xcassets */ = {isa = PBXFileReference; lastKnownFileType = folder.assetcatalog; path = Assets.xcassets; sourceTree = "<group>"; };
		9C04369821E9D4EE00EF8C71 /* Base */ = {isa = PBXFileReference; lastKnownFileType = file.storyboard; name = Base; path = Base.lproj/LaunchScreen.storyboard; sourceTree = "<group>"; };
		9C04369A21E9D4EE00EF8C71 /* Info.plist */ = {isa = PBXFileReference; lastKnownFileType = text.plist.xml; path = Info.plist; sourceTree = "<group>"; };
		9C04369F21E9D4EE00EF8C71 /* geekShopTests.xctest */ = {isa = PBXFileReference; explicitFileType = wrapper.cfbundle; includeInIndex = 0; path = geekShopTests.xctest; sourceTree = BUILT_PRODUCTS_DIR; };
		9C0436A521E9D4EE00EF8C71 /* Info.plist */ = {isa = PBXFileReference; lastKnownFileType = text.plist.xml; path = Info.plist; sourceTree = "<group>"; };
		9C17BCB121F0E02400F5760B /* AuthService.swift */ = {isa = PBXFileReference; lastKnownFileType = sourcecode.swift; path = AuthService.swift; sourceTree = "<group>"; };
		9C17BCB521F0E32900F5760B /* NetworkServiceFactory.swift */ = {isa = PBXFileReference; lastKnownFileType = sourcecode.swift; path = NetworkServiceFactory.swift; sourceTree = "<group>"; };
		9C17BCB721F0E51500F5760B /* LoginRequest.swift */ = {isa = PBXFileReference; lastKnownFileType = sourcecode.swift; path = LoginRequest.swift; sourceTree = "<group>"; };
		9C17BCB921F0E59100F5760B /* LoginResponse.swift */ = {isa = PBXFileReference; lastKnownFileType = sourcecode.swift; path = LoginResponse.swift; sourceTree = "<group>"; };
		9C17BCBB21F0E5A300F5760B /* User.swift */ = {isa = PBXFileReference; lastKnownFileType = sourcecode.swift; path = User.swift; sourceTree = "<group>"; };
		9C17BCBD21F0E68400F5760B /* NetworkService.swift */ = {isa = PBXFileReference; lastKnownFileType = sourcecode.swift; path = NetworkService.swift; sourceTree = "<group>"; };
		9C17BCC121F0E83400F5760B /* ErrorParser.swift */ = {isa = PBXFileReference; lastKnownFileType = sourcecode.swift; path = ErrorParser.swift; sourceTree = "<group>"; };
		9C17BCC521F0E89E00F5760B /* RequestRouter.swift */ = {isa = PBXFileReference; lastKnownFileType = sourcecode.swift; path = RequestRouter.swift; sourceTree = "<group>"; };
		9C17BCC721F0F85A00F5760B /* RegisterService.swift */ = {isa = PBXFileReference; lastKnownFileType = sourcecode.swift; path = RegisterService.swift; sourceTree = "<group>"; };
		9C17BCCB21F0F9FE00F5760B /* RegisterRequest.swift */ = {isa = PBXFileReference; lastKnownFileType = sourcecode.swift; path = RegisterRequest.swift; sourceTree = "<group>"; };
		9C17BCCF21F0FAAD00F5760B /* RegisterResponse.swift */ = {isa = PBXFileReference; lastKnownFileType = sourcecode.swift; path = RegisterResponse.swift; sourceTree = "<group>"; };
		9C17BCD221F0FDBB00F5760B /* LogoutService.swift */ = {isa = PBXFileReference; lastKnownFileType = sourcecode.swift; path = LogoutService.swift; sourceTree = "<group>"; };
		9C17BCD621F0FE4800F5760B /* LogoutRequest.swift */ = {isa = PBXFileReference; lastKnownFileType = sourcecode.swift; path = LogoutRequest.swift; sourceTree = "<group>"; };
		9C17BCD821F0FE7F00F5760B /* LogoutResponse.swift */ = {isa = PBXFileReference; lastKnownFileType = sourcecode.swift; path = LogoutResponse.swift; sourceTree = "<group>"; };
		9C17BCDB21F1012F00F5760B /* ChangeUserProfileService.swift */ = {isa = PBXFileReference; lastKnownFileType = sourcecode.swift; path = ChangeUserProfileService.swift; sourceTree = "<group>"; };
		9C17BCDF21F1068100F5760B /* ChangeUserProfileRequest.swift */ = {isa = PBXFileReference; lastKnownFileType = sourcecode.swift; path = ChangeUserProfileRequest.swift; sourceTree = "<group>"; };
		9C17BCE121F1075900F5760B /* ChangeUserProfileResponse.swift */ = {isa = PBXFileReference; lastKnownFileType = sourcecode.swift; path = ChangeUserProfileResponse.swift; sourceTree = "<group>"; };
		9C17BCE421F44F7100F5760B /* Configuration.swift */ = {isa = PBXFileReference; lastKnownFileType = sourcecode.swift; path = Configuration.swift; sourceTree = "<group>"; };
		9C17BCE621F5CA6500F5760B /* UserProfileData.swift */ = {isa = PBXFileReference; lastKnownFileType = sourcecode.swift; path = UserProfileData.swift; sourceTree = "<group>"; };
		9C17BCED21F5DBF100F5760B /* AddReviewRequest.swift */ = {isa = PBXFileReference; lastKnownFileType = sourcecode.swift; path = AddReviewRequest.swift; sourceTree = "<group>"; };
		9C17BCEF21F5DC4C00F5760B /* ApproveReviewRequest.swift */ = {isa = PBXFileReference; lastKnownFileType = sourcecode.swift; path = ApproveReviewRequest.swift; sourceTree = "<group>"; };
		9C17BCF121F5DC5A00F5760B /* RemoveReviewRequest.swift */ = {isa = PBXFileReference; lastKnownFileType = sourcecode.swift; path = RemoveReviewRequest.swift; sourceTree = "<group>"; };
		9C17BCF321F5DC6700F5760B /* AddReviewService.swift */ = {isa = PBXFileReference; lastKnownFileType = sourcecode.swift; path = AddReviewService.swift; sourceTree = "<group>"; };
		9C17BCF521F5DC7200F5760B /* ApproveReviewService.swift */ = {isa = PBXFileReference; lastKnownFileType = sourcecode.swift; path = ApproveReviewService.swift; sourceTree = "<group>"; };
		9C17BCF721F5DC8300F5760B /* RemoveReviewService.swift */ = {isa = PBXFileReference; lastKnownFileType = sourcecode.swift; path = RemoveReviewService.swift; sourceTree = "<group>"; };
		9C17BCFB21F5DE8A00F5760B /* AddReviewResponse.swift */ = {isa = PBXFileReference; lastKnownFileType = sourcecode.swift; path = AddReviewResponse.swift; sourceTree = "<group>"; };
		9C17BCFD21F5DFAF00F5760B /* ApproveReviewResponse.swift */ = {isa = PBXFileReference; lastKnownFileType = sourcecode.swift; path = ApproveReviewResponse.swift; sourceTree = "<group>"; };
		9C17BCFF21F5E03300F5760B /* RemoveReviewResponse.swift */ = {isa = PBXFileReference; lastKnownFileType = sourcecode.swift; path = RemoveReviewResponse.swift; sourceTree = "<group>"; };
		9C17BD0721FA31B700F5760B /* ErrorParserTests.swift */ = {isa = PBXFileReference; lastKnownFileType = sourcecode.swift; path = ErrorParserTests.swift; sourceTree = "<group>"; };
		9C17BD0921FA417300F5760B /* JSONResponsesTests.swift */ = {isa = PBXFileReference; lastKnownFileType = sourcecode.swift; path = JSONResponsesTests.swift; sourceTree = "<group>"; };
		9C17BD0C21FA418500F5760B /* addReview.json */ = {isa = PBXFileReference; fileEncoding = 4; lastKnownFileType = text.json; path = addReview.json; sourceTree = "<group>"; };
		9C17BD0E21FA470C00F5760B /* approveReview.json */ = {isa = PBXFileReference; fileEncoding = 4; lastKnownFileType = text.json; path = approveReview.json; sourceTree = "<group>"; };
		9C17BD1021FA48DD00F5760B /* removeReview.json */ = {isa = PBXFileReference; fileEncoding = 4; lastKnownFileType = text.json; path = removeReview.json; sourceTree = "<group>"; };
		9C17BD1221FA490E00F5760B /* changeUserData.json */ = {isa = PBXFileReference; fileEncoding = 4; lastKnownFileType = text.json; path = changeUserData.json; sourceTree = "<group>"; };
		9C17BD1421FA49CC00F5760B /* login.json */ = {isa = PBXFileReference; fileEncoding = 4; lastKnownFileType = text.json; path = login.json; sourceTree = "<group>"; };
		9C17BD1621FA49D000F5760B /* logout.json */ = {isa = PBXFileReference; fileEncoding = 4; lastKnownFileType = text.json; path = logout.json; sourceTree = "<group>"; };
		9C17BD1821FA49FF00F5760B /* stub.json */ = {isa = PBXFileReference; fileEncoding = 4; lastKnownFileType = text.json; path = stub.json; sourceTree = "<group>"; };
		9C72D6462216C4A300FFA814 /* ShopViewController.swift */ = {isa = PBXFileReference; lastKnownFileType = sourcecode.swift; path = ShopViewController.swift; sourceTree = "<group>"; };
		9C72D6482216C4C700FFA814 /* ItemCell.swift */ = {isa = PBXFileReference; lastKnownFileType = sourcecode.swift; path = ItemCell.swift; sourceTree = "<group>"; };
		9C84CC532219BBE90046AAD7 /* ItemDetailsViewController.swift */ = {isa = PBXFileReference; lastKnownFileType = sourcecode.swift; path = ItemDetailsViewController.swift; sourceTree = "<group>"; };
		9C84CC5A221A9CBC0046AAD7 /* WriteReviewViewController.swift */ = {isa = PBXFileReference; lastKnownFileType = sourcecode.swift; path = WriteReviewViewController.swift; sourceTree = "<group>"; };
		9C84CC5D221F09F50046AAD7 /* GreenRoundedButton.swift */ = {isa = PBXFileReference; lastKnownFileType = sourcecode.swift; path = GreenRoundedButton.swift; sourceTree = "<group>"; };
		9C84CC60221FB5840046AAD7 /* CartViewController.swift */ = {isa = PBXFileReference; lastKnownFileType = sourcecode.swift; path = CartViewController.swift; sourceTree = "<group>"; };
		9C84CC62221FB59E0046AAD7 /* CartItemCell.swift */ = {isa = PBXFileReference; lastKnownFileType = sourcecode.swift; path = CartItemCell.swift; sourceTree = "<group>"; };
		9C84CC68221FC6930046AAD7 /* geekShopUITests.xctest */ = {isa = PBXFileReference; explicitFileType = wrapper.cfbundle; includeInIndex = 0; path = geekShopUITests.xctest; sourceTree = BUILT_PRODUCTS_DIR; };
		9C84CC6A221FC6930046AAD7 /* AuthenticationFlowUITests.swift */ = {isa = PBXFileReference; lastKnownFileType = sourcecode.swift; path = AuthenticationFlowUITests.swift; sourceTree = "<group>"; };
		9C84CC6C221FC6930046AAD7 /* Info.plist */ = {isa = PBXFileReference; lastKnownFileType = text.plist.xml; path = Info.plist; sourceTree = "<group>"; };
		9CC5480C220C7A38008DA2B6 /* Authentication.storyboard */ = {isa = PBXFileReference; lastKnownFileType = file.storyboard; path = Authentication.storyboard; sourceTree = "<group>"; };
		9CC5481F220DA8CA008DA2B6 /* GreenPlaceholderTextField.swift */ = {isa = PBXFileReference; lastKnownFileType = sourcecode.swift; path = GreenPlaceholderTextField.swift; sourceTree = "<group>"; };
		9CC54822220DAFFE008DA2B6 /* Main.storyboard */ = {isa = PBXFileReference; lastKnownFileType = file.storyboard; path = Main.storyboard; sourceTree = "<group>"; };
		9CC54824220DB692008DA2B6 /* SignInViewController.swift */ = {isa = PBXFileReference; lastKnownFileType = sourcecode.swift; path = SignInViewController.swift; sourceTree = "<group>"; };
		9CC54827220DB7FD008DA2B6 /* SignUpViewController.swift */ = {isa = PBXFileReference; lastKnownFileType = sourcecode.swift; path = SignUpViewController.swift; sourceTree = "<group>"; };
		9CC5482A220FF315008DA2B6 /* UserProfileViewController.swift */ = {isa = PBXFileReference; lastKnownFileType = sourcecode.swift; path = UserProfileViewController.swift; sourceTree = "<group>"; };
		9CD71DE9220742040032023F /* AddItemToBasketRequest.swift */ = {isa = PBXFileReference; lastKnownFileType = sourcecode.swift; path = AddItemToBasketRequest.swift; sourceTree = "<group>"; };
		9CD71DEC220742E30032023F /* AddItemToBasketService.swift */ = {isa = PBXFileReference; lastKnownFileType = sourcecode.swift; path = AddItemToBasketService.swift; sourceTree = "<group>"; };
		9CD71DEF22074C1B0032023F /* AddItemToBasketResponse.swift */ = {isa = PBXFileReference; lastKnownFileType = sourcecode.swift; path = AddItemToBasketResponse.swift; sourceTree = "<group>"; };
		9CD71DF522074F4E0032023F /* RemoveItemFromBasketRequest.swift */ = {isa = PBXFileReference; lastKnownFileType = sourcecode.swift; path = RemoveItemFromBasketRequest.swift; sourceTree = "<group>"; };
		9CD71DF722074F850032023F /* RemoveItemFromBasketService.swift */ = {isa = PBXFileReference; lastKnownFileType = sourcecode.swift; path = RemoveItemFromBasketService.swift; sourceTree = "<group>"; };
		9CD71DF9220750230032023F /* RemoveItemFromBasketResponse.swift */ = {isa = PBXFileReference; lastKnownFileType = sourcecode.swift; path = RemoveItemFromBasketResponse.swift; sourceTree = "<group>"; };
		9CD71DFE220752680032023F /* GetItemsListRequest.swift */ = {isa = PBXFileReference; lastKnownFileType = sourcecode.swift; path = GetItemsListRequest.swift; sourceTree = "<group>"; };
		9CD71E002207538A0032023F /* GetItemsListService.swift */ = {isa = PBXFileReference; lastKnownFileType = sourcecode.swift; path = GetItemsListService.swift; sourceTree = "<group>"; };
		9CD71E02220754CC0032023F /* GetItemsListResponse.swift */ = {isa = PBXFileReference; lastKnownFileType = sourcecode.swift; path = GetItemsListResponse.swift; sourceTree = "<group>"; };
		9CD71E07220758190032023F /* Item.swift */ = {isa = PBXFileReference; lastKnownFileType = sourcecode.swift; path = Item.swift; sourceTree = "<group>"; };
		9CD71E0922075C000032023F /* GetUsersBasketRequest.swift */ = {isa = PBXFileReference; lastKnownFileType = sourcecode.swift; path = GetUsersBasketRequest.swift; sourceTree = "<group>"; };
		9CD71E0B22075C460032023F /* GetUsersBasketService.swift */ = {isa = PBXFileReference; lastKnownFileType = sourcecode.swift; path = GetUsersBasketService.swift; sourceTree = "<group>"; };
		9CD71E0D22075D200032023F /* GetUsersBasketResponse.swift */ = {isa = PBXFileReference; lastKnownFileType = sourcecode.swift; path = GetUsersBasketResponse.swift; sourceTree = "<group>"; };
		9CD71E1422075F2C0032023F /* ItemInBasket.swift */ = {isa = PBXFileReference; lastKnownFileType = sourcecode.swift; path = ItemInBasket.swift; sourceTree = "<group>"; };
		9CD71E162207610A0032023F /* addItemToBasket.json */ = {isa = PBXFileReference; fileEncoding = 4; lastKnownFileType = text.json; path = addItemToBasket.json; sourceTree = "<group>"; };
		9CD71E1C2207620B0032023F /* removeItemFromBasket.json */ = {isa = PBXFileReference; fileEncoding = 4; lastKnownFileType = text.json; path = removeItemFromBasket.json; sourceTree = "<group>"; };
		9CD71E1E2207624A0032023F /* successfullyGotItemsList.json */ = {isa = PBXFileReference; fileEncoding = 4; lastKnownFileType = text.json; path = successfullyGotItemsList.json; sourceTree = "<group>"; };
		9CD71E202207631B0032023F /* failedToGetItemsList.json */ = {isa = PBXFileReference; fileEncoding = 4; lastKnownFileType = text.json; path = failedToGetItemsList.json; sourceTree = "<group>"; };
		9CD71E22220763D00032023F /* item.json */ = {isa = PBXFileReference; fileEncoding = 4; lastKnownFileType = text.json; path = item.json; sourceTree = "<group>"; };
		9CD71E24220764350032023F /* successfullyGotUsersBasket.json */ = {isa = PBXFileReference; fileEncoding = 4; lastKnownFileType = text.json; path = successfullyGotUsersBasket.json; sourceTree = "<group>"; };
		9CD71E26220764910032023F /* failedToGetUsersBasket.json */ = {isa = PBXFileReference; fileEncoding = 4; lastKnownFileType = text.json; path = failedToGetUsersBasket.json; sourceTree = "<group>"; };
		9CD71E28220764B20032023F /* itemInBasket.json */ = {isa = PBXFileReference; fileEncoding = 4; lastKnownFileType = text.json; path = itemInBasket.json; sourceTree = "<group>"; };
		9CF459DC21FD9C5600DCB6D0 /* registerUser.json */ = {isa = PBXFileReference; fileEncoding = 4; lastKnownFileType = text.json; path = registerUser.json; sourceTree = "<group>"; };
		9CF459DE21FD9CC400DCB6D0 /* user.json */ = {isa = PBXFileReference; fileEncoding = 4; lastKnownFileType = text.json; path = user.json; sourceTree = "<group>"; };
		A132F36D29C040C416B6F9FC /* Pods-geekShop.debug.xcconfig */ = {isa = PBXFileReference; includeInIndex = 1; lastKnownFileType = text.xcconfig; name = "Pods-geekShop.debug.xcconfig"; path = "Pods/Target Support Files/Pods-geekShop/Pods-geekShop.debug.xcconfig"; sourceTree = "<group>"; };
		AC7FC375208E0E35C5D2671C /* Pods-geekShop.release.xcconfig */ = {isa = PBXFileReference; includeInIndex = 1; lastKnownFileType = text.xcconfig; name = "Pods-geekShop.release.xcconfig"; path = "Pods/Target Support Files/Pods-geekShop/Pods-geekShop.release.xcconfig"; sourceTree = "<group>"; };
		D553FD623A74914BB23EC442 /* Pods_geekShop.framework */ = {isa = PBXFileReference; explicitFileType = wrapper.framework; includeInIndex = 0; path = Pods_geekShop.framework; sourceTree = BUILT_PRODUCTS_DIR; };
		F25E242203A2A0FF13DBBEB9 /* Pods_geekShopTests.framework */ = {isa = PBXFileReference; explicitFileType = wrapper.framework; includeInIndex = 0; path = Pods_geekShopTests.framework; sourceTree = BUILT_PRODUCTS_DIR; };
/* End PBXFileReference section */

/* Begin PBXFrameworksBuildPhase section */
		9C04368821E9D4EC00EF8C71 /* Frameworks */ = {
			isa = PBXFrameworksBuildPhase;
			buildActionMask = 2147483647;
			files = (
				F06E92415FDA6CC939DD1AE2 /* Pods_geekShop.framework in Frameworks */,
			);
			runOnlyForDeploymentPostprocessing = 0;
		};
		9C04369C21E9D4EE00EF8C71 /* Frameworks */ = {
			isa = PBXFrameworksBuildPhase;
			buildActionMask = 2147483647;
			files = (
				6D429FFD01A3DE9AD023A8AA /* Pods_geekShopTests.framework in Frameworks */,
			);
			runOnlyForDeploymentPostprocessing = 0;
		};
		9C84CC65221FC6930046AAD7 /* Frameworks */ = {
			isa = PBXFrameworksBuildPhase;
			buildActionMask = 2147483647;
			files = (
			);
			runOnlyForDeploymentPostprocessing = 0;
		};
/* End PBXFrameworksBuildPhase section */

/* Begin PBXGroup section */
		8A76EABD8547F608E38192E5 /* Frameworks */ = {
			isa = PBXGroup;
			children = (
				D553FD623A74914BB23EC442 /* Pods_geekShop.framework */,
				F25E242203A2A0FF13DBBEB9 /* Pods_geekShopTests.framework */,
			);
			name = Frameworks;
			sourceTree = "<group>";
		};
		9C04368221E9D4EC00EF8C71 = {
			isa = PBXGroup;
			children = (
				9C04368D21E9D4EC00EF8C71 /* geekShop */,
				9C0436A221E9D4EE00EF8C71 /* geekShopTests */,
				9C84CC69221FC6930046AAD7 /* geekShopUITests */,
				9C04368C21E9D4EC00EF8C71 /* Products */,
				E53E4D3A94FD3ABA0C81C775 /* Pods */,
				8A76EABD8547F608E38192E5 /* Frameworks */,
			);
			sourceTree = "<group>";
		};
		9C04368C21E9D4EC00EF8C71 /* Products */ = {
			isa = PBXGroup;
			children = (
				9C04368B21E9D4EC00EF8C71 /* geekShop.app */,
				9C04369F21E9D4EE00EF8C71 /* geekShopTests.xctest */,
				9C84CC68221FC6930046AAD7 /* geekShopUITests.xctest */,
			);
			name = Products;
			sourceTree = "<group>";
		};
		9C04368D21E9D4EC00EF8C71 /* geekShop */ = {
			isa = PBXGroup;
			children = (
				9C0436AE21E9DC1D00EF8C71 /* App */,
				9C0436B321E9DC6700EF8C71 /* Core */,
				9C0436B521E9DC8500EF8C71 /* Environments */,
				9C0436B421E9DC7700EF8C71 /* Resources */,
			);
			path = geekShop;
			sourceTree = "<group>";
		};
		9C0436A221E9D4EE00EF8C71 /* geekShopTests */ = {
			isa = PBXGroup;
			children = (
				9C17BD0921FA417300F5760B /* JSONResponsesTests.swift */,
				9C17BD0721FA31B700F5760B /* ErrorParserTests.swift */,
				9C17BD0B21FA417A00F5760B /* Fixtures */,
				9C17BD0521FA2FCB00F5760B /* SupportingFiles */,
			);
			path = geekShopTests;
			sourceTree = "<group>";
		};
		9C0436AE21E9DC1D00EF8C71 /* App */ = {
			isa = PBXGroup;
			children = (
				9C0436B121E9DC5100EF8C71 /* Assembly */,
				9C0436AF21E9DC3300EF8C71 /* BusinessLogic */,
				9C0436B021E9DC4400EF8C71 /* Entity */,
				9C0436B221E9DC5A00EF8C71 /* Flows */,
				9CC5481C220DA897008DA2B6 /* UI */,
			);
			path = App;
			sourceTree = "<group>";
		};
		9C0436AF21E9DC3300EF8C71 /* BusinessLogic */ = {
			isa = PBXGroup;
			children = (
				9C04368E21E9D4EC00EF8C71 /* AppDelegate.swift */,
				9C17BCA621EF65D600F5760B /* Network */,
			);
			path = BusinessLogic;
			sourceTree = "<group>";
		};
		9C0436B021E9DC4400EF8C71 /* Entity */ = {
			isa = PBXGroup;
			children = (
				9CD71DEE22074C090032023F /* Basket */,
				9C17BCFA21F5DE6B00F5760B /* Reviews */,
				9C17BCF921F5DE5B00F5760B /* UsersAccount */,
			);
			path = Entity;
			sourceTree = "<group>";
		};
		9C0436B121E9DC5100EF8C71 /* Assembly */ = {
			isa = PBXGroup;
			children = (
				9C17BCB521F0E32900F5760B /* NetworkServiceFactory.swift */,
			);
			path = Assembly;
			sourceTree = "<group>";
		};
		9C0436B221E9DC5A00EF8C71 /* Flows */ = {
			isa = PBXGroup;
			children = (
				9CC54821220DAFD8008DA2B6 /* Main */,
				9CC5480B220C79F1008DA2B6 /* Authentication */,
			);
			path = Flows;
			sourceTree = "<group>";
		};
		9C0436B321E9DC6700EF8C71 /* Core */ = {
			isa = PBXGroup;
			children = (
				9C17BC9B21EF434100F5760B /* Network */,
			);
			path = Core;
			sourceTree = "<group>";
		};
		9C0436B421E9DC7700EF8C71 /* Resources */ = {
			isa = PBXGroup;
			children = (
				9C04369521E9D4EE00EF8C71 /* Assets.xcassets */,
				9C04369721E9D4EE00EF8C71 /* LaunchScreen.storyboard */,
			);
			path = Resources;
			sourceTree = "<group>";
		};
		9C0436B521E9DC8500EF8C71 /* Environments */ = {
			isa = PBXGroup;
			children = (
				9C04369A21E9D4EE00EF8C71 /* Info.plist */,
				9C17BCE421F44F7100F5760B /* Configuration.swift */,
			);
			path = Environments;
			sourceTree = "<group>";
		};
		9C17BC9B21EF434100F5760B /* Network */ = {
			isa = PBXGroup;
			children = (
				9C17BCC121F0E83400F5760B /* ErrorParser.swift */,
				9C17BCBD21F0E68400F5760B /* NetworkService.swift */,
				9C17BCC521F0E89E00F5760B /* RequestRouter.swift */,
			);
			path = Network;
			sourceTree = "<group>";
		};
		9C17BCA621EF65D600F5760B /* Network */ = {
			isa = PBXGroup;
			children = (
				9C17BCE321F44BF400F5760B /* Requests */,
				9C17BCE821F5DB5400F5760B /* Services */,
			);
			path = Network;
			sourceTree = "<group>";
		};
		9C17BCE321F44BF400F5760B /* Requests */ = {
			isa = PBXGroup;
			children = (
				9CD71DE8220741DA0032023F /* Basket */,
				9C17BCEB21F5DB8D00F5760B /* Reviews */,
				9C17BCEA21F5DB7B00F5760B /* UsersAccount */,
			);
			path = Requests;
			sourceTree = "<group>";
		};
		9C17BCE821F5DB5400F5760B /* Services */ = {
			isa = PBXGroup;
			children = (
				9CD71DEB220742C80032023F /* Basket */,
				9C17BCEC21F5DBB000F5760B /* Reviews */,
				9C17BCE921F5DB6D00F5760B /* UsersAccount */,
			);
			path = Services;
			sourceTree = "<group>";
		};
		9C17BCE921F5DB6D00F5760B /* UsersAccount */ = {
			isa = PBXGroup;
			children = (
				9C17BCB121F0E02400F5760B /* AuthService.swift */,
				9C17BCDB21F1012F00F5760B /* ChangeUserProfileService.swift */,
				9C17BCD221F0FDBB00F5760B /* LogoutService.swift */,
				9C17BCC721F0F85A00F5760B /* RegisterService.swift */,
			);
			path = UsersAccount;
			sourceTree = "<group>";
		};
		9C17BCEA21F5DB7B00F5760B /* UsersAccount */ = {
			isa = PBXGroup;
			children = (
				9C17BCDF21F1068100F5760B /* ChangeUserProfileRequest.swift */,
				9C17BCB721F0E51500F5760B /* LoginRequest.swift */,
				9C17BCD621F0FE4800F5760B /* LogoutRequest.swift */,
				9C17BCCB21F0F9FE00F5760B /* RegisterRequest.swift */,
			);
			path = UsersAccount;
			sourceTree = "<group>";
		};
		9C17BCEB21F5DB8D00F5760B /* Reviews */ = {
			isa = PBXGroup;
			children = (
				9C17BCED21F5DBF100F5760B /* AddReviewRequest.swift */,
				9C17BCEF21F5DC4C00F5760B /* ApproveReviewRequest.swift */,
				9C17BCF121F5DC5A00F5760B /* RemoveReviewRequest.swift */,
			);
			path = Reviews;
			sourceTree = "<group>";
		};
		9C17BCEC21F5DBB000F5760B /* Reviews */ = {
			isa = PBXGroup;
			children = (
				9C17BCF321F5DC6700F5760B /* AddReviewService.swift */,
				9C17BCF521F5DC7200F5760B /* ApproveReviewService.swift */,
				9C17BCF721F5DC8300F5760B /* RemoveReviewService.swift */,
			);
			path = Reviews;
			sourceTree = "<group>";
		};
		9C17BCF921F5DE5B00F5760B /* UsersAccount */ = {
			isa = PBXGroup;
			children = (
				9C17BCE121F1075900F5760B /* ChangeUserProfileResponse.swift */,
				9C17BCB921F0E59100F5760B /* LoginResponse.swift */,
				9C17BCD821F0FE7F00F5760B /* LogoutResponse.swift */,
				9C17BCCF21F0FAAD00F5760B /* RegisterResponse.swift */,
				9C17BCBB21F0E5A300F5760B /* User.swift */,
				9C17BCE621F5CA6500F5760B /* UserProfileData.swift */,
			);
			path = UsersAccount;
			sourceTree = "<group>";
		};
		9C17BCFA21F5DE6B00F5760B /* Reviews */ = {
			isa = PBXGroup;
			children = (
				9C17BCFB21F5DE8A00F5760B /* AddReviewResponse.swift */,
				9C17BCFD21F5DFAF00F5760B /* ApproveReviewResponse.swift */,
				9C17BCFF21F5E03300F5760B /* RemoveReviewResponse.swift */,
			);
			path = Reviews;
			sourceTree = "<group>";
		};
		9C17BD0521FA2FCB00F5760B /* SupportingFiles */ = {
			isa = PBXGroup;
			children = (
				9C0436A521E9D4EE00EF8C71 /* Info.plist */,
			);
			path = SupportingFiles;
			sourceTree = "<group>";
		};
		9C17BD0B21FA417A00F5760B /* Fixtures */ = {
			isa = PBXGroup;
			children = (
				9CD71E18220761100032023F /* Basket */,
				9CD71E1B2207615F0032023F /* General */,
				9CD71E192207611A0032023F /* Reviews */,
				9CD71E1A220761360032023F /* UsersAccount */,
			);
			path = Fixtures;
			sourceTree = "<group>";
		};
		9C72D6442216C46300FFA814 /* Shop */ = {
			isa = PBXGroup;
			children = (
				9C72D6462216C4A300FFA814 /* ShopViewController.swift */,
				9C72D6482216C4C700FFA814 /* ItemCell.swift */,
			);
			path = Shop;
			sourceTree = "<group>";
		};
		9C84CC522219BB980046AAD7 /* ItemDetails */ = {
			isa = PBXGroup;
			children = (
				9C84CC532219BBE90046AAD7 /* ItemDetailsViewController.swift */,
			);
			path = ItemDetails;
			sourceTree = "<group>";
		};
		9C84CC552219EA4B0046AAD7 /* UITextField */ = {
			isa = PBXGroup;
			children = (
				9CC5481F220DA8CA008DA2B6 /* GreenPlaceholderTextField.swift */,
			);
			path = UITextField;
			sourceTree = "<group>";
		};
		9C84CC59221A9CA10046AAD7 /* WriteReview */ = {
			isa = PBXGroup;
			children = (
				9C84CC5A221A9CBC0046AAD7 /* WriteReviewViewController.swift */,
			);
			path = WriteReview;
			sourceTree = "<group>";
		};
		9C84CC5C221F09E00046AAD7 /* UIButton */ = {
			isa = PBXGroup;
			children = (
				9C84CC5D221F09F50046AAD7 /* GreenRoundedButton.swift */,
			);
			path = UIButton;
			sourceTree = "<group>";
		};
		9C84CC5F221FB56A0046AAD7 /* Cart */ = {
			isa = PBXGroup;
			children = (
				9C84CC60221FB5840046AAD7 /* CartViewController.swift */,
				9C84CC62221FB59E0046AAD7 /* CartItemCell.swift */,
			);
			path = Cart;
			sourceTree = "<group>";
		};
		9C84CC69221FC6930046AAD7 /* geekShopUITests */ = {
			isa = PBXGroup;
			children = (
				9C84CC6A221FC6930046AAD7 /* AuthenticationFlowUITests.swift */,
				9C84CC6C221FC6930046AAD7 /* Info.plist */,
			);
			path = geekShopUITests;
			sourceTree = "<group>";
		};
		9CC5480B220C79F1008DA2B6 /* Authentication */ = {
			isa = PBXGroup;
			children = (
				9CC54826220DB7EA008DA2B6 /* SignUp */,
				9CC5480E220C7A41008DA2B6 /* SignIn */,
				9CC5480C220C7A38008DA2B6 /* Authentication.storyboard */,
			);
			path = Authentication;
			sourceTree = "<group>";
		};
		9CC5480E220C7A41008DA2B6 /* SignIn */ = {
			isa = PBXGroup;
			children = (
				9CC54824220DB692008DA2B6 /* SignInViewController.swift */,
			);
			path = SignIn;
			sourceTree = "<group>";
		};
		9CC5481C220DA897008DA2B6 /* UI */ = {
			isa = PBXGroup;
			children = (
				9CC5481D220DA89A008DA2B6 /* Elements */,
			);
			path = UI;
			sourceTree = "<group>";
		};
		9CC5481D220DA89A008DA2B6 /* Elements */ = {
			isa = PBXGroup;
			children = (
				9CC5481E220DA8A2008DA2B6 /* Basic */,
			);
			path = Elements;
			sourceTree = "<group>";
		};
		9CC5481E220DA8A2008DA2B6 /* Basic */ = {
			isa = PBXGroup;
			children = (
				9C84CC5C221F09E00046AAD7 /* UIButton */,
				9C84CC552219EA4B0046AAD7 /* UITextField */,
			);
			path = Basic;
			sourceTree = "<group>";
		};
		9CC54821220DAFD8008DA2B6 /* Main */ = {
			isa = PBXGroup;
			children = (
				9C84CC5F221FB56A0046AAD7 /* Cart */,
				9C84CC522219BB980046AAD7 /* ItemDetails */,
				9CC54822220DAFFE008DA2B6 /* Main.storyboard */,
				9C72D6442216C46300FFA814 /* Shop */,
				9CC54829220FF2F4008DA2B6 /* UserProfile */,
				9C84CC59221A9CA10046AAD7 /* WriteReview */,
			);
			path = Main;
			sourceTree = "<group>";
		};
		9CC54826220DB7EA008DA2B6 /* SignUp */ = {
			isa = PBXGroup;
			children = (
				9CC54827220DB7FD008DA2B6 /* SignUpViewController.swift */,
			);
			path = SignUp;
			sourceTree = "<group>";
		};
		9CC54829220FF2F4008DA2B6 /* UserProfile */ = {
			isa = PBXGroup;
			children = (
				9CC5482A220FF315008DA2B6 /* UserProfileViewController.swift */,
			);
			path = UserProfile;
			sourceTree = "<group>";
		};
		9CD71DE8220741DA0032023F /* Basket */ = {
			isa = PBXGroup;
			children = (
				9CD71DE9220742040032023F /* AddItemToBasketRequest.swift */,
				9CD71DFE220752680032023F /* GetItemsListRequest.swift */,
				9CD71E0922075C000032023F /* GetUsersBasketRequest.swift */,
				9CD71DF522074F4E0032023F /* RemoveItemFromBasketRequest.swift */,
			);
			path = Basket;
			sourceTree = "<group>";
		};
		9CD71DEB220742C80032023F /* Basket */ = {
			isa = PBXGroup;
			children = (
				9CD71DEC220742E30032023F /* AddItemToBasketService.swift */,
				9CD71E002207538A0032023F /* GetItemsListService.swift */,
				9CD71E0B22075C460032023F /* GetUsersBasketService.swift */,
				9CD71DF722074F850032023F /* RemoveItemFromBasketService.swift */,
			);
			path = Basket;
			sourceTree = "<group>";
		};
		9CD71DEE22074C090032023F /* Basket */ = {
			isa = PBXGroup;
			children = (
				9CD71DEF22074C1B0032023F /* AddItemToBasketResponse.swift */,
				9CD71E02220754CC0032023F /* GetItemsListResponse.swift */,
				9CD71E0D22075D200032023F /* GetUsersBasketResponse.swift */,
				9CD71E07220758190032023F /* Item.swift */,
				9CD71E1422075F2C0032023F /* ItemInBasket.swift */,
				9CD71DF9220750230032023F /* RemoveItemFromBasketResponse.swift */,
			);
			path = Basket;
			sourceTree = "<group>";
		};
		9CD71E18220761100032023F /* Basket */ = {
			isa = PBXGroup;
			children = (
				9CD71E162207610A0032023F /* addItemToBasket.json */,
				9CD71E202207631B0032023F /* failedToGetItemsList.json */,
				9CD71E26220764910032023F /* failedToGetUsersBasket.json */,
				9CD71E22220763D00032023F /* item.json */,
				9CD71E28220764B20032023F /* itemInBasket.json */,
				9CD71E1C2207620B0032023F /* removeItemFromBasket.json */,
				9CD71E1E2207624A0032023F /* successfullyGotItemsList.json */,
				9CD71E24220764350032023F /* successfullyGotUsersBasket.json */,
			);
			path = Basket;
			sourceTree = "<group>";
		};
		9CD71E192207611A0032023F /* Reviews */ = {
			isa = PBXGroup;
			children = (
				9C17BD0C21FA418500F5760B /* addReview.json */,
				9C17BD0E21FA470C00F5760B /* approveReview.json */,
				9C17BD1021FA48DD00F5760B /* removeReview.json */,
			);
			path = Reviews;
			sourceTree = "<group>";
		};
		9CD71E1A220761360032023F /* UsersAccount */ = {
			isa = PBXGroup;
			children = (
				9C17BD1221FA490E00F5760B /* changeUserData.json */,
				9C17BD1421FA49CC00F5760B /* login.json */,
				9C17BD1621FA49D000F5760B /* logout.json */,
				9CF459DC21FD9C5600DCB6D0 /* registerUser.json */,
				9CF459DE21FD9CC400DCB6D0 /* user.json */,
			);
			path = UsersAccount;
			sourceTree = "<group>";
		};
		9CD71E1B2207615F0032023F /* General */ = {
			isa = PBXGroup;
			children = (
				9C17BD1821FA49FF00F5760B /* stub.json */,
			);
			path = General;
			sourceTree = "<group>";
		};
		E53E4D3A94FD3ABA0C81C775 /* Pods */ = {
			isa = PBXGroup;
			children = (
				A132F36D29C040C416B6F9FC /* Pods-geekShop.debug.xcconfig */,
				AC7FC375208E0E35C5D2671C /* Pods-geekShop.release.xcconfig */,
				4588D928AD1D21E0345502BD /* Pods-geekShopTests.debug.xcconfig */,
				6F79BEE68F54F5E98C471A11 /* Pods-geekShopTests.release.xcconfig */,
			);
			name = Pods;
			sourceTree = "<group>";
		};
/* End PBXGroup section */

/* Begin PBXNativeTarget section */
		9C04368A21E9D4EC00EF8C71 /* geekShop */ = {
			isa = PBXNativeTarget;
			buildConfigurationList = 9C0436A821E9D4EE00EF8C71 /* Build configuration list for PBXNativeTarget "geekShop" */;
			buildPhases = (
				F8DE5D270FCBEF10BA369E26 /* [CP] Check Pods Manifest.lock */,
				9C04368721E9D4EC00EF8C71 /* Sources */,
				9C04368821E9D4EC00EF8C71 /* Frameworks */,
				9C04368921E9D4EC00EF8C71 /* Resources */,
				933E3A7062C794577E319230 /* [CP] Embed Pods Frameworks */,
			);
			buildRules = (
			);
			dependencies = (
			);
			name = geekShop;
			productName = geekShop;
			productReference = 9C04368B21E9D4EC00EF8C71 /* geekShop.app */;
			productType = "com.apple.product-type.application";
		};
		9C04369E21E9D4EE00EF8C71 /* geekShopTests */ = {
			isa = PBXNativeTarget;
			buildConfigurationList = 9C0436AB21E9D4EE00EF8C71 /* Build configuration list for PBXNativeTarget "geekShopTests" */;
			buildPhases = (
				1EBB8437F4633C339A257E9A /* [CP] Check Pods Manifest.lock */,
				9C04369B21E9D4EE00EF8C71 /* Sources */,
				9C04369C21E9D4EE00EF8C71 /* Frameworks */,
				9C04369D21E9D4EE00EF8C71 /* Resources */,
			);
			buildRules = (
			);
			dependencies = (
				9C0436A121E9D4EE00EF8C71 /* PBXTargetDependency */,
			);
			name = geekShopTests;
			productName = geekShopTests;
			productReference = 9C04369F21E9D4EE00EF8C71 /* geekShopTests.xctest */;
			productType = "com.apple.product-type.bundle.unit-test";
		};
		9C84CC67221FC6930046AAD7 /* geekShopUITests */ = {
			isa = PBXNativeTarget;
			buildConfigurationList = 9C84CC6F221FC6930046AAD7 /* Build configuration list for PBXNativeTarget "geekShopUITests" */;
			buildPhases = (
				9C84CC64221FC6930046AAD7 /* Sources */,
				9C84CC65221FC6930046AAD7 /* Frameworks */,
				9C84CC66221FC6930046AAD7 /* Resources */,
			);
			buildRules = (
			);
			dependencies = (
				9C84CC6E221FC6930046AAD7 /* PBXTargetDependency */,
			);
			name = geekShopUITests;
			productName = geekShopUITests;
			productReference = 9C84CC68221FC6930046AAD7 /* geekShopUITests.xctest */;
			productType = "com.apple.product-type.bundle.ui-testing";
		};
/* End PBXNativeTarget section */

/* Begin PBXProject section */
		9C04368321E9D4EC00EF8C71 /* Project object */ = {
			isa = PBXProject;
			attributes = {
				LastSwiftUpdateCheck = 1010;
				LastUpgradeCheck = 1010;
				ORGANIZATIONNAME = "Igor Chernyshov";
				TargetAttributes = {
					9C04368A21E9D4EC00EF8C71 = {
						CreatedOnToolsVersion = 10.1;
					};
					9C04369E21E9D4EE00EF8C71 = {
						CreatedOnToolsVersion = 10.1;
						TestTargetID = 9C04368A21E9D4EC00EF8C71;
					};
					9C84CC67221FC6930046AAD7 = {
						CreatedOnToolsVersion = 10.1;
						TestTargetID = 9C04368A21E9D4EC00EF8C71;
					};
				};
			};
			buildConfigurationList = 9C04368621E9D4EC00EF8C71 /* Build configuration list for PBXProject "geekShop" */;
			compatibilityVersion = "Xcode 9.3";
			developmentRegion = en;
			hasScannedForEncodings = 0;
			knownRegions = (
				en,
				Base,
			);
			mainGroup = 9C04368221E9D4EC00EF8C71;
			productRefGroup = 9C04368C21E9D4EC00EF8C71 /* Products */;
			projectDirPath = "";
			projectRoot = "";
			targets = (
				9C04368A21E9D4EC00EF8C71 /* geekShop */,
				9C04369E21E9D4EE00EF8C71 /* geekShopTests */,
				9C84CC67221FC6930046AAD7 /* geekShopUITests */,
			);
		};
/* End PBXProject section */

/* Begin PBXResourcesBuildPhase section */
		9C04368921E9D4EC00EF8C71 /* Resources */ = {
			isa = PBXResourcesBuildPhase;
			buildActionMask = 2147483647;
			files = (
				9CC5480D220C7A38008DA2B6 /* Authentication.storyboard in Resources */,
				9C04369921E9D4EE00EF8C71 /* LaunchScreen.storyboard in Resources */,
				9C04369621E9D4EE00EF8C71 /* Assets.xcassets in Resources */,
				9CC54823220DAFFE008DA2B6 /* Main.storyboard in Resources */,
			);
			runOnlyForDeploymentPostprocessing = 0;
		};
		9C04369D21E9D4EE00EF8C71 /* Resources */ = {
			isa = PBXResourcesBuildPhase;
			buildActionMask = 2147483647;
			files = (
				9C17BD0D21FA418500F5760B /* addReview.json in Resources */,
				9C17BD0F21FA470C00F5760B /* approveReview.json in Resources */,
				9CD71E1D2207620B0032023F /* removeItemFromBasket.json in Resources */,
				9C17BD1521FA49CC00F5760B /* login.json in Resources */,
				9CD71E23220763D00032023F /* item.json in Resources */,
				9CD71E29220764B20032023F /* itemInBasket.json in Resources */,
				9CD71E212207631B0032023F /* failedToGetItemsList.json in Resources */,
				9C17BD1721FA49D000F5760B /* logout.json in Resources */,
				9CD71E27220764910032023F /* failedToGetUsersBasket.json in Resources */,
				9CD71E25220764350032023F /* successfullyGotUsersBasket.json in Resources */,
				9CF459DF21FD9CC400DCB6D0 /* user.json in Resources */,
				9C17BD1321FA490E00F5760B /* changeUserData.json in Resources */,
				9C17BD1121FA48DE00F5760B /* removeReview.json in Resources */,
				9C17BD1921FA49FF00F5760B /* stub.json in Resources */,
				9CF459DD21FD9C5600DCB6D0 /* registerUser.json in Resources */,
				9CD71E172207610A0032023F /* addItemToBasket.json in Resources */,
				9CD71E1F2207624A0032023F /* successfullyGotItemsList.json in Resources */,
			);
			runOnlyForDeploymentPostprocessing = 0;
		};
		9C84CC66221FC6930046AAD7 /* Resources */ = {
			isa = PBXResourcesBuildPhase;
			buildActionMask = 2147483647;
			files = (
			);
			runOnlyForDeploymentPostprocessing = 0;
		};
/* End PBXResourcesBuildPhase section */

/* Begin PBXShellScriptBuildPhase section */
		1EBB8437F4633C339A257E9A /* [CP] Check Pods Manifest.lock */ = {
			isa = PBXShellScriptBuildPhase;
			buildActionMask = 2147483647;
			files = (
			);
			inputPaths = (
				"${PODS_PODFILE_DIR_PATH}/Podfile.lock",
				"${PODS_ROOT}/Manifest.lock",
			);
			name = "[CP] Check Pods Manifest.lock";
			outputPaths = (
				"$(DERIVED_FILE_DIR)/Pods-geekShopTests-checkManifestLockResult.txt",
			);
			runOnlyForDeploymentPostprocessing = 0;
			shellPath = /bin/sh;
			shellScript = "diff \"${PODS_PODFILE_DIR_PATH}/Podfile.lock\" \"${PODS_ROOT}/Manifest.lock\" > /dev/null\nif [ $? != 0 ] ; then\n    # print error to STDERR\n    echo \"error: The sandbox is not in sync with the Podfile.lock. Run 'pod install' or update your CocoaPods installation.\" >&2\n    exit 1\nfi\n# This output is used by Xcode 'outputs' to avoid re-running this script phase.\necho \"SUCCESS\" > \"${SCRIPT_OUTPUT_FILE_0}\"\n";
			showEnvVarsInLog = 0;
		};
		933E3A7062C794577E319230 /* [CP] Embed Pods Frameworks */ = {
			isa = PBXShellScriptBuildPhase;
			buildActionMask = 2147483647;
			files = (
			);
			inputPaths = (
				"${SRCROOT}/Pods/Target Support Files/Pods-geekShop/Pods-geekShop-frameworks.sh",
				"${BUILT_PRODUCTS_DIR}/Alamofire/Alamofire.framework",
			);
			name = "[CP] Embed Pods Frameworks";
			outputPaths = (
				"${TARGET_BUILD_DIR}/${FRAMEWORKS_FOLDER_PATH}/Alamofire.framework",
			);
			runOnlyForDeploymentPostprocessing = 0;
			shellPath = /bin/sh;
			shellScript = "\"${SRCROOT}/Pods/Target Support Files/Pods-geekShop/Pods-geekShop-frameworks.sh\"\n";
			showEnvVarsInLog = 0;
		};
		F8DE5D270FCBEF10BA369E26 /* [CP] Check Pods Manifest.lock */ = {
			isa = PBXShellScriptBuildPhase;
			buildActionMask = 2147483647;
			files = (
			);
			inputPaths = (
				"${PODS_PODFILE_DIR_PATH}/Podfile.lock",
				"${PODS_ROOT}/Manifest.lock",
			);
			name = "[CP] Check Pods Manifest.lock";
			outputPaths = (
				"$(DERIVED_FILE_DIR)/Pods-geekShop-checkManifestLockResult.txt",
			);
			runOnlyForDeploymentPostprocessing = 0;
			shellPath = /bin/sh;
			shellScript = "diff \"${PODS_PODFILE_DIR_PATH}/Podfile.lock\" \"${PODS_ROOT}/Manifest.lock\" > /dev/null\nif [ $? != 0 ] ; then\n    # print error to STDERR\n    echo \"error: The sandbox is not in sync with the Podfile.lock. Run 'pod install' or update your CocoaPods installation.\" >&2\n    exit 1\nfi\n# This output is used by Xcode 'outputs' to avoid re-running this script phase.\necho \"SUCCESS\" > \"${SCRIPT_OUTPUT_FILE_0}\"\n";
			showEnvVarsInLog = 0;
		};
/* End PBXShellScriptBuildPhase section */

/* Begin PBXSourcesBuildPhase section */
		9C04368721E9D4EC00EF8C71 /* Sources */ = {
			isa = PBXSourcesBuildPhase;
			buildActionMask = 2147483647;
			files = (
				9C17BCF621F5DC7200F5760B /* ApproveReviewService.swift in Sources */,
				9CD71DF622074F4E0032023F /* RemoveItemFromBasketRequest.swift in Sources */,
				9C17BCE021F1068100F5760B /* ChangeUserProfileRequest.swift in Sources */,
				9C84CC61221FB5840046AAD7 /* CartViewController.swift in Sources */,
				9C17BCD721F0FE4800F5760B /* LogoutRequest.swift in Sources */,
				9C17BCB821F0E51500F5760B /* LoginRequest.swift in Sources */,
				9C17BCE521F44F7100F5760B /* Configuration.swift in Sources */,
				9CC54828220DB7FD008DA2B6 /* SignUpViewController.swift in Sources */,
				9C17BCD921F0FE7F00F5760B /* LogoutResponse.swift in Sources */,
				9CD71E08220758190032023F /* Item.swift in Sources */,
				9C17BCF421F5DC6700F5760B /* AddReviewService.swift in Sources */,
				9CD71E03220754CC0032023F /* GetItemsListResponse.swift in Sources */,
				9CD71DFA220750230032023F /* RemoveItemFromBasketResponse.swift in Sources */,
				9C84CC542219BBE90046AAD7 /* ItemDetailsViewController.swift in Sources */,
				9CD71E0C22075C460032023F /* GetUsersBasketService.swift in Sources */,
				9C17BCCC21F0F9FE00F5760B /* RegisterRequest.swift in Sources */,
				9C17BCBE21F0E68400F5760B /* NetworkService.swift in Sources */,
				9C17BCF821F5DC8300F5760B /* RemoveReviewService.swift in Sources */,
				9C17BCF221F5DC5A00F5760B /* RemoveReviewRequest.swift in Sources */,
				9C17BCD321F0FDBB00F5760B /* LogoutService.swift in Sources */,
				9C17BCD021F0FAAD00F5760B /* RegisterResponse.swift in Sources */,
				9C17BCF021F5DC4C00F5760B /* ApproveReviewRequest.swift in Sources */,
				9C17BCC821F0F85A00F5760B /* RegisterService.swift in Sources */,
				9C17BD0021F5E03300F5760B /* RemoveReviewResponse.swift in Sources */,
				9CD71E012207538A0032023F /* GetItemsListService.swift in Sources */,
				9C17BCEE21F5DBF100F5760B /* AddReviewRequest.swift in Sources */,
				9CC54825220DB692008DA2B6 /* SignInViewController.swift in Sources */,
				9CD71DFF220752680032023F /* GetItemsListRequest.swift in Sources */,
				9C17BCBA21F0E59100F5760B /* LoginResponse.swift in Sources */,
				9C17BCDC21F1012F00F5760B /* ChangeUserProfileService.swift in Sources */,
				9CD71DEA220742040032023F /* AddItemToBasketRequest.swift in Sources */,
				9C04368F21E9D4EC00EF8C71 /* AppDelegate.swift in Sources */,
				9C84CC63221FB59E0046AAD7 /* CartItemCell.swift in Sources */,
				9C17BCC221F0E83400F5760B /* ErrorParser.swift in Sources */,
				9C17BCFE21F5DFAF00F5760B /* ApproveReviewResponse.swift in Sources */,
				9C72D6492216C4C700FFA814 /* ItemCell.swift in Sources */,
				9C17BCB221F0E02400F5760B /* AuthService.swift in Sources */,
				9CD71DED220742E30032023F /* AddItemToBasketService.swift in Sources */,
				9C17BCC621F0E89E00F5760B /* RequestRouter.swift in Sources */,
				9C17BCFC21F5DE8A00F5760B /* AddReviewResponse.swift in Sources */,
				9C17BCE221F1075900F5760B /* ChangeUserProfileResponse.swift in Sources */,
				9CD71DF022074C1B0032023F /* AddItemToBasketResponse.swift in Sources */,
				9CD71E0E22075D200032023F /* GetUsersBasketResponse.swift in Sources */,
				9C84CC5E221F09F50046AAD7 /* GreenRoundedButton.swift in Sources */,
				9CD71E0A22075C000032023F /* GetUsersBasketRequest.swift in Sources */,
				9CD71DF822074F850032023F /* RemoveItemFromBasketService.swift in Sources */,
				9CC54820220DA8CA008DA2B6 /* GreenPlaceholderTextField.swift in Sources */,
				9C17BCB621F0E32900F5760B /* NetworkServiceFactory.swift in Sources */,
				9C17BCE721F5CA6500F5760B /* UserProfileData.swift in Sources */,
				9C72D6472216C4A300FFA814 /* ShopViewController.swift in Sources */,
				9C84CC5B221A9CBC0046AAD7 /* WriteReviewViewController.swift in Sources */,
				9C17BCBC21F0E5A300F5760B /* User.swift in Sources */,
				9CD71E1522075F2C0032023F /* ItemInBasket.swift in Sources */,
				9CC5482B220FF315008DA2B6 /* UserProfileViewController.swift in Sources */,
			);
			runOnlyForDeploymentPostprocessing = 0;
		};
		9C04369B21E9D4EE00EF8C71 /* Sources */ = {
			isa = PBXSourcesBuildPhase;
			buildActionMask = 2147483647;
			files = (
				9C17BD0A21FA417300F5760B /* JSONResponsesTests.swift in Sources */,
				9C17BD0821FA31B700F5760B /* ErrorParserTests.swift in Sources */,
			);
			runOnlyForDeploymentPostprocessing = 0;
		};
		9C84CC64221FC6930046AAD7 /* Sources */ = {
			isa = PBXSourcesBuildPhase;
			buildActionMask = 2147483647;
			files = (
				9C84CC6B221FC6930046AAD7 /* AuthenticationFlowUITests.swift in Sources */,
			);
			runOnlyForDeploymentPostprocessing = 0;
		};
/* End PBXSourcesBuildPhase section */

/* Begin PBXTargetDependency section */
		9C0436A121E9D4EE00EF8C71 /* PBXTargetDependency */ = {
			isa = PBXTargetDependency;
			target = 9C04368A21E9D4EC00EF8C71 /* geekShop */;
			targetProxy = 9C0436A021E9D4EE00EF8C71 /* PBXContainerItemProxy */;
		};
		9C84CC6E221FC6930046AAD7 /* PBXTargetDependency */ = {
			isa = PBXTargetDependency;
			target = 9C04368A21E9D4EC00EF8C71 /* geekShop */;
			targetProxy = 9C84CC6D221FC6930046AAD7 /* PBXContainerItemProxy */;
		};
/* End PBXTargetDependency section */

/* Begin PBXVariantGroup section */
		9C04369721E9D4EE00EF8C71 /* LaunchScreen.storyboard */ = {
			isa = PBXVariantGroup;
			children = (
				9C04369821E9D4EE00EF8C71 /* Base */,
			);
			name = LaunchScreen.storyboard;
			sourceTree = "<group>";
		};
/* End PBXVariantGroup section */

/* Begin XCBuildConfiguration section */
		9C0436A621E9D4EE00EF8C71 /* Debug */ = {
			isa = XCBuildConfiguration;
			buildSettings = {
				ALWAYS_SEARCH_USER_PATHS = NO;
				CLANG_ANALYZER_NONNULL = YES;
				CLANG_ANALYZER_NUMBER_OBJECT_CONVERSION = YES_AGGRESSIVE;
				CLANG_CXX_LANGUAGE_STANDARD = "gnu++14";
				CLANG_CXX_LIBRARY = "libc++";
				CLANG_ENABLE_MODULES = YES;
				CLANG_ENABLE_OBJC_ARC = YES;
				CLANG_ENABLE_OBJC_WEAK = YES;
				CLANG_WARN_BLOCK_CAPTURE_AUTORELEASING = YES;
				CLANG_WARN_BOOL_CONVERSION = YES;
				CLANG_WARN_COMMA = YES;
				CLANG_WARN_CONSTANT_CONVERSION = YES;
				CLANG_WARN_DEPRECATED_OBJC_IMPLEMENTATIONS = YES;
				CLANG_WARN_DIRECT_OBJC_ISA_USAGE = YES_ERROR;
				CLANG_WARN_DOCUMENTATION_COMMENTS = YES;
				CLANG_WARN_EMPTY_BODY = YES;
				CLANG_WARN_ENUM_CONVERSION = YES;
				CLANG_WARN_INFINITE_RECURSION = YES;
				CLANG_WARN_INT_CONVERSION = YES;
				CLANG_WARN_NON_LITERAL_NULL_CONVERSION = YES;
				CLANG_WARN_OBJC_IMPLICIT_RETAIN_SELF = YES;
				CLANG_WARN_OBJC_LITERAL_CONVERSION = YES;
				CLANG_WARN_OBJC_ROOT_CLASS = YES_ERROR;
				CLANG_WARN_RANGE_LOOP_ANALYSIS = YES;
				CLANG_WARN_STRICT_PROTOTYPES = YES;
				CLANG_WARN_SUSPICIOUS_MOVE = YES;
				CLANG_WARN_UNGUARDED_AVAILABILITY = YES_AGGRESSIVE;
				CLANG_WARN_UNREACHABLE_CODE = YES;
				CLANG_WARN__DUPLICATE_METHOD_MATCH = YES;
				CODE_SIGN_IDENTITY = "iPhone Developer";
				COPY_PHASE_STRIP = NO;
				DEBUG_INFORMATION_FORMAT = dwarf;
				ENABLE_STRICT_OBJC_MSGSEND = YES;
				ENABLE_TESTABILITY = YES;
				GCC_C_LANGUAGE_STANDARD = gnu11;
				GCC_DYNAMIC_NO_PIC = NO;
				GCC_NO_COMMON_BLOCKS = YES;
				GCC_OPTIMIZATION_LEVEL = 0;
				GCC_PREPROCESSOR_DEFINITIONS = (
					"DEBUG=1",
					"$(inherited)",
				);
				GCC_WARN_64_TO_32_BIT_CONVERSION = YES;
				GCC_WARN_ABOUT_RETURN_TYPE = YES_ERROR;
				GCC_WARN_UNDECLARED_SELECTOR = YES;
				GCC_WARN_UNINITIALIZED_AUTOS = YES_AGGRESSIVE;
				GCC_WARN_UNUSED_FUNCTION = YES;
				GCC_WARN_UNUSED_VARIABLE = YES;
				IPHONEOS_DEPLOYMENT_TARGET = 12.1;
				MTL_ENABLE_DEBUG_INFO = INCLUDE_SOURCE;
				MTL_FAST_MATH = YES;
				ONLY_ACTIVE_ARCH = YES;
				SDKROOT = iphoneos;
				SWIFT_ACTIVE_COMPILATION_CONDITIONS = DEBUG;
				SWIFT_OPTIMIZATION_LEVEL = "-Onone";
			};
			name = Debug;
		};
		9C0436A721E9D4EE00EF8C71 /* Release */ = {
			isa = XCBuildConfiguration;
			buildSettings = {
				ALWAYS_SEARCH_USER_PATHS = NO;
				CLANG_ANALYZER_NONNULL = YES;
				CLANG_ANALYZER_NUMBER_OBJECT_CONVERSION = YES_AGGRESSIVE;
				CLANG_CXX_LANGUAGE_STANDARD = "gnu++14";
				CLANG_CXX_LIBRARY = "libc++";
				CLANG_ENABLE_MODULES = YES;
				CLANG_ENABLE_OBJC_ARC = YES;
				CLANG_ENABLE_OBJC_WEAK = YES;
				CLANG_WARN_BLOCK_CAPTURE_AUTORELEASING = YES;
				CLANG_WARN_BOOL_CONVERSION = YES;
				CLANG_WARN_COMMA = YES;
				CLANG_WARN_CONSTANT_CONVERSION = YES;
				CLANG_WARN_DEPRECATED_OBJC_IMPLEMENTATIONS = YES;
				CLANG_WARN_DIRECT_OBJC_ISA_USAGE = YES_ERROR;
				CLANG_WARN_DOCUMENTATION_COMMENTS = YES;
				CLANG_WARN_EMPTY_BODY = YES;
				CLANG_WARN_ENUM_CONVERSION = YES;
				CLANG_WARN_INFINITE_RECURSION = YES;
				CLANG_WARN_INT_CONVERSION = YES;
				CLANG_WARN_NON_LITERAL_NULL_CONVERSION = YES;
				CLANG_WARN_OBJC_IMPLICIT_RETAIN_SELF = YES;
				CLANG_WARN_OBJC_LITERAL_CONVERSION = YES;
				CLANG_WARN_OBJC_ROOT_CLASS = YES_ERROR;
				CLANG_WARN_RANGE_LOOP_ANALYSIS = YES;
				CLANG_WARN_STRICT_PROTOTYPES = YES;
				CLANG_WARN_SUSPICIOUS_MOVE = YES;
				CLANG_WARN_UNGUARDED_AVAILABILITY = YES_AGGRESSIVE;
				CLANG_WARN_UNREACHABLE_CODE = YES;
				CLANG_WARN__DUPLICATE_METHOD_MATCH = YES;
				CODE_SIGN_IDENTITY = "iPhone Developer";
				COPY_PHASE_STRIP = NO;
				DEBUG_INFORMATION_FORMAT = "dwarf-with-dsym";
				ENABLE_NS_ASSERTIONS = NO;
				ENABLE_STRICT_OBJC_MSGSEND = YES;
				GCC_C_LANGUAGE_STANDARD = gnu11;
				GCC_NO_COMMON_BLOCKS = YES;
				GCC_WARN_64_TO_32_BIT_CONVERSION = YES;
				GCC_WARN_ABOUT_RETURN_TYPE = YES_ERROR;
				GCC_WARN_UNDECLARED_SELECTOR = YES;
				GCC_WARN_UNINITIALIZED_AUTOS = YES_AGGRESSIVE;
				GCC_WARN_UNUSED_FUNCTION = YES;
				GCC_WARN_UNUSED_VARIABLE = YES;
				IPHONEOS_DEPLOYMENT_TARGET = 12.1;
				MTL_ENABLE_DEBUG_INFO = NO;
				MTL_FAST_MATH = YES;
				SDKROOT = iphoneos;
				SWIFT_COMPILATION_MODE = wholemodule;
				SWIFT_OPTIMIZATION_LEVEL = "-O";
				VALIDATE_PRODUCT = YES;
			};
			name = Release;
		};
		9C0436A921E9D4EE00EF8C71 /* Debug */ = {
			isa = XCBuildConfiguration;
			baseConfigurationReference = A132F36D29C040C416B6F9FC /* Pods-geekShop.debug.xcconfig */;
			buildSettings = {
				ASSETCATALOG_COMPILER_APPICON_NAME = AppIcon;
				CODE_SIGN_STYLE = Automatic;
				DEVELOPMENT_TEAM = 73YFFUD89Y;
				INFOPLIST_FILE = "$(SRCROOT)/geekShop/Environments/Info.plist";
				LD_RUNPATH_SEARCH_PATHS = (
					"$(inherited)",
					"@executable_path/Frameworks",
				);
				PRODUCT_BUNDLE_IDENTIFIER = com.frostfell.geekShop;
				PRODUCT_NAME = "$(TARGET_NAME)";
				SWIFT_VERSION = 4.2;
				TARGETED_DEVICE_FAMILY = "1,2";
			};
			name = Debug;
		};
		9C0436AA21E9D4EE00EF8C71 /* Release */ = {
			isa = XCBuildConfiguration;
			baseConfigurationReference = AC7FC375208E0E35C5D2671C /* Pods-geekShop.release.xcconfig */;
			buildSettings = {
				ASSETCATALOG_COMPILER_APPICON_NAME = AppIcon;
				CODE_SIGN_STYLE = Automatic;
				DEVELOPMENT_TEAM = 73YFFUD89Y;
				INFOPLIST_FILE = "$(SRCROOT)/geekShop/Environments/Info.plist";
				LD_RUNPATH_SEARCH_PATHS = (
					"$(inherited)",
					"@executable_path/Frameworks",
				);
				PRODUCT_BUNDLE_IDENTIFIER = com.frostfell.geekShop;
				PRODUCT_NAME = "$(TARGET_NAME)";
				SWIFT_VERSION = 4.2;
				TARGETED_DEVICE_FAMILY = "1,2";
			};
			name = Release;
		};
		9C0436AC21E9D4EE00EF8C71 /* Debug */ = {
			isa = XCBuildConfiguration;
			baseConfigurationReference = 4588D928AD1D21E0345502BD /* Pods-geekShopTests.debug.xcconfig */;
			buildSettings = {
				ALWAYS_EMBED_SWIFT_STANDARD_LIBRARIES = YES;
				BUNDLE_LOADER = "$(TEST_HOST)";
				CODE_SIGN_STYLE = Automatic;
				DEVELOPMENT_TEAM = 73YFFUD89Y;
				INFOPLIST_FILE = geekShopTests/SupportingFiles/Info.plist;
				LD_RUNPATH_SEARCH_PATHS = (
					"$(inherited)",
					"@executable_path/Frameworks",
					"@loader_path/Frameworks",
				);
				PRODUCT_BUNDLE_IDENTIFIER = com.frostfell.geekShopTests;
				PRODUCT_NAME = "$(TARGET_NAME)";
				SWIFT_VERSION = 4.2;
				TARGETED_DEVICE_FAMILY = "1,2";
				TEST_HOST = "$(BUILT_PRODUCTS_DIR)/geekShop.app/geekShop";
			};
			name = Debug;
		};
		9C0436AD21E9D4EE00EF8C71 /* Release */ = {
			isa = XCBuildConfiguration;
			baseConfigurationReference = 6F79BEE68F54F5E98C471A11 /* Pods-geekShopTests.release.xcconfig */;
			buildSettings = {
				ALWAYS_EMBED_SWIFT_STANDARD_LIBRARIES = YES;
				BUNDLE_LOADER = "$(TEST_HOST)";
				CODE_SIGN_STYLE = Automatic;
				DEVELOPMENT_TEAM = 73YFFUD89Y;
				INFOPLIST_FILE = geekShopTests/SupportingFiles/Info.plist;
				LD_RUNPATH_SEARCH_PATHS = (
					"$(inherited)",
					"@executable_path/Frameworks",
					"@loader_path/Frameworks",
				);
				PRODUCT_BUNDLE_IDENTIFIER = com.frostfell.geekShopTests;
				PRODUCT_NAME = "$(TARGET_NAME)";
				SWIFT_VERSION = 4.2;
				TARGETED_DEVICE_FAMILY = "1,2";
				TEST_HOST = "$(BUILT_PRODUCTS_DIR)/geekShop.app/geekShop";
			};
			name = Release;
		};
		9C84CC70221FC6930046AAD7 /* Debug */ = {
			isa = XCBuildConfiguration;
			buildSettings = {
				CODE_SIGN_STYLE = Automatic;
				DEVELOPMENT_TEAM = 73YFFUD89Y;
				INFOPLIST_FILE = geekShopUITests/Info.plist;
				LD_RUNPATH_SEARCH_PATHS = (
					"$(inherited)",
					"@executable_path/Frameworks",
					"@loader_path/Frameworks",
				);
				PRODUCT_BUNDLE_IDENTIFIER = com.frostfell.geekShopUITests;
				PRODUCT_NAME = "$(TARGET_NAME)";
				SWIFT_VERSION = 4.2;
				TARGETED_DEVICE_FAMILY = "1,2";
				TEST_TARGET_NAME = geekShop;
			};
			name = Debug;
		};
		9C84CC71221FC6930046AAD7 /* Release */ = {
			isa = XCBuildConfiguration;
			buildSettings = {
				CODE_SIGN_STYLE = Automatic;
				DEVELOPMENT_TEAM = 73YFFUD89Y;
				INFOPLIST_FILE = geekShopUITests/Info.plist;
				LD_RUNPATH_SEARCH_PATHS = (
					"$(inherited)",
					"@executable_path/Frameworks",
					"@loader_path/Frameworks",
				);
				PRODUCT_BUNDLE_IDENTIFIER = com.frostfell.geekShopUITests;
				PRODUCT_NAME = "$(TARGET_NAME)";
				SWIFT_VERSION = 4.2;
				TARGETED_DEVICE_FAMILY = "1,2";
				TEST_TARGET_NAME = geekShop;
			};
			name = Release;
		};
/* End XCBuildConfiguration section */

/* Begin XCConfigurationList section */
		9C04368621E9D4EC00EF8C71 /* Build configuration list for PBXProject "geekShop" */ = {
			isa = XCConfigurationList;
			buildConfigurations = (
				9C0436A621E9D4EE00EF8C71 /* Debug */,
				9C0436A721E9D4EE00EF8C71 /* Release */,
			);
			defaultConfigurationIsVisible = 0;
			defaultConfigurationName = Release;
		};
		9C0436A821E9D4EE00EF8C71 /* Build configuration list for PBXNativeTarget "geekShop" */ = {
			isa = XCConfigurationList;
			buildConfigurations = (
				9C0436A921E9D4EE00EF8C71 /* Debug */,
				9C0436AA21E9D4EE00EF8C71 /* Release */,
			);
			defaultConfigurationIsVisible = 0;
			defaultConfigurationName = Release;
		};
		9C0436AB21E9D4EE00EF8C71 /* Build configuration list for PBXNativeTarget "geekShopTests" */ = {
			isa = XCConfigurationList;
			buildConfigurations = (
				9C0436AC21E9D4EE00EF8C71 /* Debug */,
				9C0436AD21E9D4EE00EF8C71 /* Release */,
			);
			defaultConfigurationIsVisible = 0;
			defaultConfigurationName = Release;
		};
		9C84CC6F221FC6930046AAD7 /* Build configuration list for PBXNativeTarget "geekShopUITests" */ = {
			isa = XCConfigurationList;
			buildConfigurations = (
				9C84CC70221FC6930046AAD7 /* Debug */,
				9C84CC71221FC6930046AAD7 /* Release */,
			);
			defaultConfigurationIsVisible = 0;
			defaultConfigurationName = Release;
		};
/* End XCConfigurationList section */
	};
	rootObject = 9C04368321E9D4EC00EF8C71 /* Project object */;
}
