PODS:
  - Alamofire (4.8.1)
  - YandexMobileMetrica/Dynamic/Core (3.6.0)

DEPENDENCIES:
  - Alamofire (~> 4.7)
  - YandexMobileMetrica/Dynamic/Core

SPEC REPOS:
  https://github.com/cocoapods/specs.git:
    - Alamofire
    - YandexMobileMetrica

SPEC CHECKSUMS:
  Alamofire: 16ce2c353fb72865124ddae8a57c5942388f4f11
  YandexMobileMetrica: 11eee6732831a44aea2d81e3ae8626b5b0e129c5

PODFILE CHECKSUM: 9b9e92feaa3d5f41cb0ec023947844adb34193c7

COCOAPODS: 1.5.2
